// !$*UTF8*$!
{
	archiveVersion = 1;
	classes = {
	};
	objectVersion = 46;
	objects = {

/* Begin PBXBuildFile section */
		70AEB0271EDD1FE700CBD5F9 /* AppDelegate.swift in Sources */ = {isa = PBXBuildFile; fileRef = 70AEB0261EDD1FE700CBD5F9 /* AppDelegate.swift */; };
		70AEB0291EDD1FE700CBD5F9 /* ViewController.swift in Sources */ = {isa = PBXBuildFile; fileRef = 70AEB0281EDD1FE700CBD5F9 /* ViewController.swift */; };
		70AEB02C1EDD1FE700CBD5F9 /* Main.storyboard in Resources */ = {isa = PBXBuildFile; fileRef = 70AEB02A1EDD1FE700CBD5F9 /* Main.storyboard */; };
		70AEB02E1EDD1FE700CBD5F9 /* Assets.xcassets in Resources */ = {isa = PBXBuildFile; fileRef = 70AEB02D1EDD1FE700CBD5F9 /* Assets.xcassets */; };
		70AEB0311EDD1FE700CBD5F9 /* LaunchScreen.storyboard in Resources */ = {isa = PBXBuildFile; fileRef = 70AEB02F1EDD1FE700CBD5F9 /* LaunchScreen.storyboard */; };
		70AEB03C1EDD1FE700CBD5F9 /* Tick_Tac_ToeTests.swift in Sources */ = {isa = PBXBuildFile; fileRef = 70AEB03B1EDD1FE700CBD5F9 /* Tick_Tac_ToeTests.swift */; };
		70AEB0471EDD1FE700CBD5F9 /* Tick_Tac_ToeUITests.swift in Sources */ = {isa = PBXBuildFile; fileRef = 70AEB0461EDD1FE700CBD5F9 /* Tick_Tac_ToeUITests.swift */; };
		70AEB0571EDD204500CBD5F9 /* O.png in Resources */ = {isa = PBXBuildFile; fileRef = 70AEB0541EDD204500CBD5F9 /* O.png */; };
		70AEB0581EDD204500CBD5F9 /* Cross.png in Resources */ = {isa = PBXBuildFile; fileRef = 70AEB0551EDD204500CBD5F9 /* Cross.png */; };
		70AEB0591EDD204500CBD5F9 /* Board.png in Resources */ = {isa = PBXBuildFile; fileRef = 70AEB0561EDD204500CBD5F9 /* Board.png */; };
/* End PBXBuildFile section */

/* Begin PBXContainerItemProxy section */
		70AEB0381EDD1FE700CBD5F9 /* PBXContainerItemProxy */ = {
			isa = PBXContainerItemProxy;
			containerPortal = 70AEB01B1EDD1FE700CBD5F9 /* Project object */;
			proxyType = 1;
			remoteGlobalIDString = 70AEB0221EDD1FE700CBD5F9;
			remoteInfo = "Tick Tac Toe";
		};
		70AEB0431EDD1FE700CBD5F9 /* PBXContainerItemProxy */ = {
			isa = PBXContainerItemProxy;
			containerPortal = 70AEB01B1EDD1FE700CBD5F9 /* Project object */;
			proxyType = 1;
			remoteGlobalIDString = 70AEB0221EDD1FE700CBD5F9;
			remoteInfo = "Tick Tac Toe";
		};
/* End PBXContainerItemProxy section */

/* Begin PBXFileReference section */
		70AEB0231EDD1FE700CBD5F9 /* Tick Tac Toe.app */ = {isa = PBXFileReference; explicitFileType = wrapper.application; includeInIndex = 0; path = "Tick Tac Toe.app"; sourceTree = BUILT_PRODUCTS_DIR; };
		70AEB0261EDD1FE700CBD5F9 /* AppDelegate.swift */ = {isa = PBXFileReference; lastKnownFileType = sourcecode.swift; path = AppDelegate.swift; sourceTree = "<group>"; };
		70AEB0281EDD1FE700CBD5F9 /* ViewController.swift */ = {isa = PBXFileReference; lastKnownFileType = sourcecode.swift; path = ViewController.swift; sourceTree = "<group>"; };
		70AEB02B1EDD1FE700CBD5F9 /* Base */ = {isa = PBXFileReference; lastKnownFileType = file.storyboard; name = Base; path = Base.lproj/Main.storyboard; sourceTree = "<group>"; };
		70AEB02D1EDD1FE700CBD5F9 /* Assets.xcassets */ = {isa = PBXFileReference; lastKnownFileType = folder.assetcatalog; path = Assets.xcassets; sourceTree = "<group>"; };
		70AEB0301EDD1FE700CBD5F9 /* Base */ = {isa = PBXFileReference; lastKnownFileType = file.storyboard; name = Base; path = Base.lproj/LaunchScreen.storyboard; sourceTree = "<group>"; };
		70AEB0321EDD1FE700CBD5F9 /* Info.plist */ = {isa = PBXFileReference; lastKnownFileType = text.plist.xml; path = Info.plist; sourceTree = "<group>"; };
		70AEB0371EDD1FE700CBD5F9 /* Tick Tac ToeTests.xctest */ = {isa = PBXFileReference; explicitFileType = wrapper.cfbundle; includeInIndex = 0; path = "Tick Tac ToeTests.xctest"; sourceTree = BUILT_PRODUCTS_DIR; };
		70AEB03B1EDD1FE700CBD5F9 /* Tick_Tac_ToeTests.swift */ = {isa = PBXFileReference; lastKnownFileType = sourcecode.swift; path = Tick_Tac_ToeTests.swift; sourceTree = "<group>"; };
		70AEB03D1EDD1FE700CBD5F9 /* Info.plist */ = {isa = PBXFileReference; lastKnownFileType = text.plist.xml; path = Info.plist; sourceTree = "<group>"; };
		70AEB0421EDD1FE700CBD5F9 /* Tick Tac ToeUITests.xctest */ = {isa = PBXFileReference; explicitFileType = wrapper.cfbundle; includeInIndex = 0; path = "Tick Tac ToeUITests.xctest"; sourceTree = BUILT_PRODUCTS_DIR; };
		70AEB0461EDD1FE700CBD5F9 /* Tick_Tac_ToeUITests.swift */ = {isa = PBXFileReference; lastKnownFileType = sourcecode.swift; path = Tick_Tac_ToeUITests.swift; sourceTree = "<group>"; };
		70AEB0481EDD1FE700CBD5F9 /* Info.plist */ = {isa = PBXFileReference; lastKnownFileType = text.plist.xml; path = Info.plist; sourceTree = "<group>"; };
		70AEB0541EDD204500CBD5F9 /* O.png */ = {isa = PBXFileReference; lastKnownFileType = image.png; name = O.png; path = ../../../O.png; sourceTree = "<group>"; };
		70AEB0551EDD204500CBD5F9 /* Cross.png */ = {isa = PBXFileReference; lastKnownFileType = image.png; name = Cross.png; path = ../../../Cross.png; sourceTree = "<group>"; };
		70AEB0561EDD204500CBD5F9 /* Board.png */ = {isa = PBXFileReference; lastKnownFileType = image.png; name = Board.png; path = ../../../Board.png; sourceTree = "<group>"; };
/* End PBXFileReference section */

/* Begin PBXFrameworksBuildPhase section */
		70AEB0201EDD1FE700CBD5F9 /* Frameworks */ = {
			isa = PBXFrameworksBuildPhase;
			buildActionMask = 2147483647;
			files = (
			);
			runOnlyForDeploymentPostprocessing = 0;
		};
		70AEB0341EDD1FE700CBD5F9 /* Frameworks */ = {
			isa = PBXFrameworksBuildPhase;
			buildActionMask = 2147483647;
			files = (
			);
			runOnlyForDeploymentPostprocessing = 0;
		};
		70AEB03F1EDD1FE700CBD5F9 /* Frameworks */ = {
			isa = PBXFrameworksBuildPhase;
			buildActionMask = 2147483647;
			files = (
			);
			runOnlyForDeploymentPostprocessing = 0;
		};
/* End PBXFrameworksBuildPhase section */

/* Begin PBXGroup section */
		70AEB01A1EDD1FE700CBD5F9 = {
			isa = PBXGroup;
			children = (
				70AEB0251EDD1FE700CBD5F9 /* Tick Tac Toe */,
				70AEB03A1EDD1FE700CBD5F9 /* Tick Tac ToeTests */,
				70AEB0451EDD1FE700CBD5F9 /* Tick Tac ToeUITests */,
				70AEB0241EDD1FE700CBD5F9 /* Products */,
			);
			sourceTree = "<group>";
		};
		70AEB0241EDD1FE700CBD5F9 /* Products */ = {
			isa = PBXGroup;
			children = (
				70AEB0231EDD1FE700CBD5F9 /* Tick Tac Toe.app */,
				70AEB0371EDD1FE700CBD5F9 /* Tick Tac ToeTests.xctest */,
				70AEB0421EDD1FE700CBD5F9 /* Tick Tac ToeUITests.xctest */,
			);
			name = Products;
			sourceTree = "<group>";
		};
		70AEB0251EDD1FE700CBD5F9 /* Tick Tac Toe */ = {
			isa = PBXGroup;
			children = (
				70AEB0261EDD1FE700CBD5F9 /* AppDelegate.swift */,
				70AEB0281EDD1FE700CBD5F9 /* ViewController.swift */,
				70AEB02A1EDD1FE700CBD5F9 /* Main.storyboard */,
				70AEB02D1EDD1FE700CBD5F9 /* Assets.xcassets */,
				70AEB02F1EDD1FE700CBD5F9 /* LaunchScreen.storyboard */,
				70AEB0541EDD204500CBD5F9 /* O.png */,
				70AEB0551EDD204500CBD5F9 /* Cross.png */,
				70AEB0561EDD204500CBD5F9 /* Board.png */,
				70AEB0321EDD1FE700CBD5F9 /* Info.plist */,
			);
			path = "Tick Tac Toe";
			sourceTree = "<group>";
		};
		70AEB03A1EDD1FE700CBD5F9 /* Tick Tac ToeTests */ = {
			isa = PBXGroup;
			children = (
				70AEB03B1EDD1FE700CBD5F9 /* Tick_Tac_ToeTests.swift */,
				70AEB03D1EDD1FE700CBD5F9 /* Info.plist */,
			);
			path = "Tick Tac ToeTests";
			sourceTree = "<group>";
		};
		70AEB0451EDD1FE700CBD5F9 /* Tick Tac ToeUITests */ = {
			isa = PBXGroup;
			children = (
				70AEB0461EDD1FE700CBD5F9 /* Tick_Tac_ToeUITests.swift */,
				70AEB0481EDD1FE700CBD5F9 /* Info.plist */,
			);
			path = "Tick Tac ToeUITests";
			sourceTree = "<group>";
		};
/* End PBXGroup section */

/* Begin PBXNativeTarget section */
		70AEB0221EDD1FE700CBD5F9 /* Tick Tac Toe */ = {
			isa = PBXNativeTarget;
			buildConfigurationList = 70AEB04B1EDD1FE700CBD5F9 /* Build configuration list for PBXNativeTarget "Tick Tac Toe" */;
			buildPhases = (
				70AEB01F1EDD1FE700CBD5F9 /* Sources */,
				70AEB0201EDD1FE700CBD5F9 /* Frameworks */,
				70AEB0211EDD1FE700CBD5F9 /* Resources */,
			);
			buildRules = (
			);
			dependencies = (
			);
			name = "Tick Tac Toe";
			productName = "Tick Tac Toe";
			productReference = 70AEB0231EDD1FE700CBD5F9 /* Tick Tac Toe.app */;
			productType = "com.apple.product-type.application";
		};
		70AEB0361EDD1FE700CBD5F9 /* Tick Tac ToeTests */ = {
			isa = PBXNativeTarget;
			buildConfigurationList = 70AEB04E1EDD1FE700CBD5F9 /* Build configuration list for PBXNativeTarget "Tick Tac ToeTests" */;
			buildPhases = (
				70AEB0331EDD1FE700CBD5F9 /* Sources */,
				70AEB0341EDD1FE700CBD5F9 /* Frameworks */,
				70AEB0351EDD1FE700CBD5F9 /* Resources */,
			);
			buildRules = (
			);
			dependencies = (
				70AEB0391EDD1FE700CBD5F9 /* PBXTargetDependency */,
			);
			name = "Tick Tac ToeTests";
			productName = "Tick Tac ToeTests";
			productReference = 70AEB0371EDD1FE700CBD5F9 /* Tick Tac ToeTests.xctest */;
			productType = "com.apple.product-type.bundle.unit-test";
		};
		70AEB0411EDD1FE700CBD5F9 /* Tick Tac ToeUITests */ = {
			isa = PBXNativeTarget;
			buildConfigurationList = 70AEB0511EDD1FE700CBD5F9 /* Build configuration list for PBXNativeTarget "Tick Tac ToeUITests" */;
			buildPhases = (
				70AEB03E1EDD1FE700CBD5F9 /* Sources */,
				70AEB03F1EDD1FE700CBD5F9 /* Frameworks */,
				70AEB0401EDD1FE700CBD5F9 /* Resources */,
			);
			buildRules = (
			);
			dependencies = (
				70AEB0441EDD1FE700CBD5F9 /* PBXTargetDependency */,
			);
			name = "Tick Tac ToeUITests";
			productName = "Tick Tac ToeUITests";
			productReference = 70AEB0421EDD1FE700CBD5F9 /* Tick Tac ToeUITests.xctest */;
			productType = "com.apple.product-type.bundle.ui-testing";
		};
/* End PBXNativeTarget section */

/* Begin PBXProject section */
		70AEB01B1EDD1FE700CBD5F9 /* Project object */ = {
			isa = PBXProject;
			attributes = {
				LastSwiftUpdateCheck = 0830;
				LastUpgradeCheck = 0830;
				ORGANIZATIONNAME = "Meráki Studios";
				TargetAttributes = {
					70AEB0221EDD1FE700CBD5F9 = {
						CreatedOnToolsVersion = 8.3.2;
						DevelopmentTeam = F7D6XTN338;
						ProvisioningStyle = Automatic;
					};
					70AEB0361EDD1FE700CBD5F9 = {
						CreatedOnToolsVersion = 8.3.2;
						DevelopmentTeam = F7D6XTN338;
						ProvisioningStyle = Automatic;
						TestTargetID = 70AEB0221EDD1FE700CBD5F9;
					};
					70AEB0411EDD1FE700CBD5F9 = {
						CreatedOnToolsVersion = 8.3.2;
						DevelopmentTeam = F7D6XTN338;
						ProvisioningStyle = Automatic;
						TestTargetID = 70AEB0221EDD1FE700CBD5F9;
					};
				};
			};
			buildConfigurationList = 70AEB01E1EDD1FE700CBD5F9 /* Build configuration list for PBXProject "Tick Tac Toe" */;
			compatibilityVersion = "Xcode 3.2";
			developmentRegion = English;
			hasScannedForEncodings = 0;
			knownRegions = (
				en,
				Base,
			);
			mainGroup = 70AEB01A1EDD1FE700CBD5F9;
			productRefGroup = 70AEB0241EDD1FE700CBD5F9 /* Products */;
			projectDirPath = "";
			projectRoot = "";
			targets = (
				70AEB0221EDD1FE700CBD5F9 /* Tick Tac Toe */,
				70AEB0361EDD1FE700CBD5F9 /* Tick Tac ToeTests */,
				70AEB0411EDD1FE700CBD5F9 /* Tick Tac ToeUITests */,
			);
		};
/* End PBXProject section */

/* Begin PBXResourcesBuildPhase section */
		70AEB0211EDD1FE700CBD5F9 /* Resources */ = {
			isa = PBXResourcesBuildPhase;
			buildActionMask = 2147483647;
			files = (
				70AEB0591EDD204500CBD5F9 /* Board.png in Resources */,
				70AEB0311EDD1FE700CBD5F9 /* LaunchScreen.storyboard in Resources */,
				70AEB02E1EDD1FE700CBD5F9 /* Assets.xcassets in Resources */,
				70AEB0581EDD204500CBD5F9 /* Cross.png in Resources */,
				70AEB02C1EDD1FE700CBD5F9 /* Main.storyboard in Resources */,
				70AEB0571EDD204500CBD5F9 /* O.png in Resources */,
			);
			runOnlyForDeploymentPostprocessing = 0;
		};
		70AEB0351EDD1FE700CBD5F9 /* Resources */ = {
			isa = PBXResourcesBuildPhase;
			buildActionMask = 2147483647;
			files = (
			);
			runOnlyForDeploymentPostprocessing = 0;
		};
		70AEB0401EDD1FE700CBD5F9 /* Resources */ = {
			isa = PBXResourcesBuildPhase;
			buildActionMask = 2147483647;
			files = (
			);
			runOnlyForDeploymentPostprocessing = 0;
		};
/* End PBXResourcesBuildPhase section */

/* Begin PBXSourcesBuildPhase section */
		70AEB01F1EDD1FE700CBD5F9 /* Sources */ = {
			isa = PBXSourcesBuildPhase;
			buildActionMask = 2147483647;
			files = (
				70AEB0291EDD1FE700CBD5F9 /* ViewController.swift in Sources */,
				70AEB0271EDD1FE700CBD5F9 /* AppDelegate.swift in Sources */,
			);
			runOnlyForDeploymentPostprocessing = 0;
		};
		70AEB0331EDD1FE700CBD5F9 /* Sources */ = {
			isa = PBXSourcesBuildPhase;
			buildActionMask = 2147483647;
			files = (
				70AEB03C1EDD1FE700CBD5F9 /* Tick_Tac_ToeTests.swift in Sources */,
			);
			runOnlyForDeploymentPostprocessing = 0;
		};
		70AEB03E1EDD1FE700CBD5F9 /* Sources */ = {
			isa = PBXSourcesBuildPhase;
			buildActionMask = 2147483647;
			files = (
				70AEB0471EDD1FE700CBD5F9 /* Tick_Tac_ToeUITests.swift in Sources */,
			);
			runOnlyForDeploymentPostprocessing = 0;
		};
/* End PBXSourcesBuildPhase section */

/* Begin PBXTargetDependency section */
		70AEB0391EDD1FE700CBD5F9 /* PBXTargetDependency */ = {
			isa = PBXTargetDependency;
			target = 70AEB0221EDD1FE700CBD5F9 /* Tick Tac Toe */;
			targetProxy = 70AEB0381EDD1FE700CBD5F9 /* PBXContainerItemProxy */;
		};
		70AEB0441EDD1FE700CBD5F9 /* PBXTargetDependency */ = {
			isa = PBXTargetDependency;
			target = 70AEB0221EDD1FE700CBD5F9 /* Tick Tac Toe */;
			targetProxy = 70AEB0431EDD1FE700CBD5F9 /* PBXContainerItemProxy */;
		};
/* End PBXTargetDependency section */

/* Begin PBXVariantGroup section */
		70AEB02A1EDD1FE700CBD5F9 /* Main.storyboard */ = {
			isa = PBXVariantGroup;
			children = (
				70AEB02B1EDD1FE700CBD5F9 /* Base */,
			);
			name = Main.storyboard;
			sourceTree = "<group>";
		};
		70AEB02F1EDD1FE700CBD5F9 /* LaunchScreen.storyboard */ = {
			isa = PBXVariantGroup;
			children = (
				70AEB0301EDD1FE700CBD5F9 /* Base */,
			);
			name = LaunchScreen.storyboard;
			sourceTree = "<group>";
		};
/* End PBXVariantGroup section */

/* Begin XCBuildConfiguration section */
		70AEB0491EDD1FE700CBD5F9 /* Debug */ = {
			isa = XCBuildConfiguration;
			buildSettings = {
				ALWAYS_SEARCH_USER_PATHS = NO;
				CLANG_ANALYZER_NONNULL = YES;
				CLANG_ANALYZER_NUMBER_OBJECT_CONVERSION = YES_AGGRESSIVE;
				CLANG_CXX_LANGUAGE_STANDARD = "gnu++0x";
				CLANG_CXX_LIBRARY = "libc++";
				CLANG_ENABLE_MODULES = YES;
				CLANG_ENABLE_OBJC_ARC = YES;
				CLANG_WARN_BOOL_CONVERSION = YES;
				CLANG_WARN_CONSTANT_CONVERSION = YES;
				CLANG_WARN_DIRECT_OBJC_ISA_USAGE = YES_ERROR;
				CLANG_WARN_DOCUMENTATION_COMMENTS = YES;
				CLANG_WARN_EMPTY_BODY = YES;
				CLANG_WARN_ENUM_CONVERSION = YES;
				CLANG_WARN_INFINITE_RECURSION = YES;
				CLANG_WARN_INT_CONVERSION = YES;
				CLANG_WARN_OBJC_ROOT_CLASS = YES_ERROR;
				CLANG_WARN_SUSPICIOUS_MOVE = YES;
				CLANG_WARN_UNREACHABLE_CODE = YES;
				CLANG_WARN__DUPLICATE_METHOD_MATCH = YES;
				"CODE_SIGN_IDENTITY[sdk=iphoneos*]" = "iPhone Developer";
				COPY_PHASE_STRIP = NO;
				DEBUG_INFORMATION_FORMAT = dwarf;
				ENABLE_STRICT_OBJC_MSGSEND = YES;
				ENABLE_TESTABILITY = YES;
				GCC_C_LANGUAGE_STANDARD = gnu99;
				GCC_DYNAMIC_NO_PIC = NO;
				GCC_NO_COMMON_BLOCKS = YES;
				GCC_OPTIMIZATION_LEVEL = 0;
				GCC_PREPROCESSOR_DEFINITIONS = (
					"DEBUG=1",
					"$(inherited)",
				);
				GCC_WARN_64_TO_32_BIT_CONVERSION = YES;
				GCC_WARN_ABOUT_RETURN_TYPE = YES_ERROR;
				GCC_WARN_UNDECLARED_SELECTOR = YES;
				GCC_WARN_UNINITIALIZED_AUTOS = YES_AGGRESSIVE;
				GCC_WARN_UNUSED_FUNCTION = YES;
				GCC_WARN_UNUSED_VARIABLE = YES;
				IPHONEOS_DEPLOYMENT_TARGET = 10.3;
				MTL_ENABLE_DEBUG_INFO = YES;
				ONLY_ACTIVE_ARCH = YES;
				SDKROOT = iphoneos;
				SWIFT_ACTIVE_COMPILATION_CONDITIONS = DEBUG;
				SWIFT_OPTIMIZATION_LEVEL = "-Onone";
			};
			name = Debug;
		};
		70AEB04A1EDD1FE700CBD5F9 /* Release */ = {
			isa = XCBuildConfiguration;
			buildSettings = {
				ALWAYS_SEARCH_USER_PATHS = NO;
				CLANG_ANALYZER_NONNULL = YES;
				CLANG_ANALYZER_NUMBER_OBJECT_CONVERSION = YES_AGGRESSIVE;
				CLANG_CXX_LANGUAGE_STANDARD = "gnu++0x";
				CLANG_CXX_LIBRARY = "libc++";
				CLANG_ENABLE_MODULES = YES;
				CLANG_ENABLE_OBJC_ARC = YES;
				CLANG_WARN_BOOL_CONVERSION = YES;
				CLANG_WARN_CONSTANT_CONVERSION = YES;
				CLANG_WARN_DIRECT_OBJC_ISA_USAGE = YES_ERROR;
				CLANG_WARN_DOCUMENTATION_COMMENTS = YES;
				CLANG_WARN_EMPTY_BODY = YES;
				CLANG_WARN_ENUM_CONVERSION = YES;
				CLANG_WARN_INFINITE_RECURSION = YES;
				CLANG_WARN_INT_CONVERSION = YES;
				CLANG_WARN_OBJC_ROOT_CLASS = YES_ERROR;
				CLANG_WARN_SUSPICIOUS_MOVE = YES;
				CLANG_WARN_UNREACHABLE_CODE = YES;
				CLANG_WARN__DUPLICATE_METHOD_MATCH = YES;
				"CODE_SIGN_IDENTITY[sdk=iphoneos*]" = "iPhone Developer";
				COPY_PHASE_STRIP = NO;
				DEBUG_INFORMATION_FORMAT = "dwarf-with-dsym";
				ENABLE_NS_ASSERTIONS = NO;
				ENABLE_STRICT_OBJC_MSGSEND = YES;
				GCC_C_LANGUAGE_STANDARD = gnu99;
				GCC_NO_COMMON_BLOCKS = YES;
				GCC_WARN_64_TO_32_BIT_CONVERSION = YES;
				GCC_WARN_ABOUT_RETURN_TYPE = YES_ERROR;
				GCC_WARN_UNDECLARED_SELECTOR = YES;
				GCC_WARN_UNINITIALIZED_AUTOS = YES_AGGRESSIVE;
				GCC_WARN_UNUSED_FUNCTION = YES;
				GCC_WARN_UNUSED_VARIABLE = YES;
				IPHONEOS_DEPLOYMENT_TARGET = 10.3;
				MTL_ENABLE_DEBUG_INFO = NO;
				SDKROOT = iphoneos;
				SWIFT_OPTIMIZATION_LEVEL = "-Owholemodule";
				VALIDATE_PRODUCT = YES;
			};
			name = Release;
		};
		70AEB04C1EDD1FE700CBD5F9 /* Debug */ = {
			isa = XCBuildConfiguration;
			buildSettings = {
				ASSETCATALOG_COMPILER_APPICON_NAME = AppIcon;
				DEVELOPMENT_TEAM = F7D6XTN338;
				INFOPLIST_FILE = "Tick Tac Toe/Info.plist";
				LD_RUNPATH_SEARCH_PATHS = "$(inherited) @executable_path/Frameworks";
				PRODUCT_BUNDLE_IDENTIFIER = "Mera-ki-Studios.Tick-Tac-Toe";
				PRODUCT_NAME = "$(TARGET_NAME)";
				SWIFT_VERSION = 3.0;
			};
			name = Debug;
		};
		70AEB04D1EDD1FE700CBD5F9 /* Release */ = {
			isa = XCBuildConfiguration;
			buildSettings = {
				ASSETCATALOG_COMPILER_APPICON_NAME = AppIcon;
				DEVELOPMENT_TEAM = F7D6XTN338;
				INFOPLIST_FILE = "Tick Tac Toe/Info.plist";
				LD_RUNPATH_SEARCH_PATHS = "$(inherited) @executable_path/Frameworks";
				PRODUCT_BUNDLE_IDENTIFIER = "Mera-ki-Studios.Tick-Tac-Toe";
				PRODUCT_NAME = "$(TARGET_NAME)";
				SWIFT_VERSION = 3.0;
			};
			name = Release;
		};
		70AEB04F1EDD1FE700CBD5F9 /* Debug */ = {
			isa = XCBuildConfiguration;
			buildSettings = {
				ALWAYS_EMBED_SWIFT_STANDARD_LIBRARIES = YES;
				BUNDLE_LOADER = "$(TEST_HOST)";
				DEVELOPMENT_TEAM = F7D6XTN338;
				INFOPLIST_FILE = "Tick Tac ToeTests/Info.plist";
				LD_RUNPATH_SEARCH_PATHS = "$(inherited) @executable_path/Frameworks @loader_path/Frameworks";
				PRODUCT_BUNDLE_IDENTIFIER = "Mera-ki-Studios.Tick-Tac-ToeTests";
				PRODUCT_NAME = "$(TARGET_NAME)";
				SWIFT_VERSION = 3.0;
				TEST_HOST = "$(BUILT_PRODUCTS_DIR)/Tick Tac Toe.app/Tick Tac Toe";
			};
			name = Debug;
		};
		70AEB0501EDD1FE700CBD5F9 /* Release */ = {
			isa = XCBuildConfiguration;
			buildSettings = {
				ALWAYS_EMBED_SWIFT_STANDARD_LIBRARIES = YES;
				BUNDLE_LOADER = "$(TEST_HOST)";
				DEVELOPMENT_TEAM = F7D6XTN338;
				INFOPLIST_FILE = "Tick Tac ToeTests/Info.plist";
				LD_RUNPATH_SEARCH_PATHS = "$(inherited) @executable_path/Frameworks @loader_path/Frameworks";
				PRODUCT_BUNDLE_IDENTIFIER = "Mera-ki-Studios.Tick-Tac-ToeTests";
				PRODUCT_NAME = "$(TARGET_NAME)";
				SWIFT_VERSION = 3.0;
				TEST_HOST = "$(BUILT_PRODUCTS_DIR)/Tick Tac Toe.app/Tick Tac Toe";
			};
			name = Release;
		};
		70AEB0521EDD1FE700CBD5F9 /* Debug */ = {
			isa = XCBuildConfiguration;
			buildSettings = {
				ALWAYS_EMBED_SWIFT_STANDARD_LIBRARIES = YES;
				DEVELOPMENT_TEAM = F7D6XTN338;
				INFOPLIST_FILE = "Tick Tac ToeUITests/Info.plist";
				LD_RUNPATH_SEARCH_PATHS = "$(inherited) @executable_path/Frameworks @loader_path/Frameworks";
				PRODUCT_BUNDLE_IDENTIFIER = "Mera-ki-Studios.Tick-Tac-ToeUITests";
				PRODUCT_NAME = "$(TARGET_NAME)";
				SWIFT_VERSION = 3.0;
				TEST_TARGET_NAME = "Tick Tac Toe";
			};
			name = Debug;
		};
		70AEB0531EDD1FE700CBD5F9 /* Release */ = {
			isa = XCBuildConfiguration;
			buildSettings = {
				ALWAYS_EMBED_SWIFT_STANDARD_LIBRARIES = YES;
				DEVELOPMENT_TEAM = F7D6XTN338;
				INFOPLIST_FILE = "Tick Tac ToeUITests/Info.plist";
				LD_RUNPATH_SEARCH_PATHS = "$(inherited) @executable_path/Frameworks @loader_path/Frameworks";
				PRODUCT_BUNDLE_IDENTIFIER = "Mera-ki-Studios.Tick-Tac-ToeUITests";
				PRODUCT_NAME = "$(TARGET_NAME)";
				SWIFT_VERSION = 3.0;
				TEST_TARGET_NAME = "Tick Tac Toe";
			};
			name = Release;
		};
/* End XCBuildConfiguration section */

/* Begin XCConfigurationList section */
		70AEB01E1EDD1FE700CBD5F9 /* Build configuration list for PBXProject "Tick Tac Toe" */ = {
			isa = XCConfigurationList;
			buildConfigurations = (
				70AEB0491EDD1FE700CBD5F9 /* Debug */,
				70AEB04A1EDD1FE700CBD5F9 /* Release */,
			);
			defaultConfigurationIsVisible = 0;
			defaultConfigurationName = Release;
		};
		70AEB04B1EDD1FE700CBD5F9 /* Build configuration list for PBXNativeTarget "Tick Tac Toe" */ = {
			isa = XCConfigurationList;
			buildConfigurations = (
				70AEB04C1EDD1FE700CBD5F9 /* Debug */,
				70AEB04D1EDD1FE700CBD5F9 /* Release */,
			);
			defaultConfigurationIsVisible = 0;
		};
		70AEB04E1EDD1FE700CBD5F9 /* Build configuration list for PBXNativeTarget "Tick Tac ToeTests" */ = {
			isa = XCConfigurationList;
			buildConfigurations = (
				70AEB04F1EDD1FE700CBD5F9 /* Debug */,
				70AEB0501EDD1FE700CBD5F9 /* Release */,
			);
			defaultConfigurationIsVisible = 0;
		};
		70AEB0511EDD1FE700CBD5F9 /* Build configuration list for PBXNativeTarget "Tick Tac ToeUITests" */ = {
			isa = XCConfigurationList;
			buildConfigurations = (
				70AEB0521EDD1FE700CBD5F9 /* Debug */,
				70AEB0531EDD1FE700CBD5F9 /* Release */,
			);
			defaultConfigurationIsVisible = 0;
		};
/* End XCConfigurationList section */
	};
	rootObject = 70AEB01B1EDD1FE700CBD5F9 /* Project object */;
}
